// !$*UTF8*$!
{
	archiveVersion = 1;
	classes = {
	};
	objectVersion = 50;
	objects = {

/* Begin PBXBuildFile section */
		A23F52EE2199AEEE00CC7264 /* AppDelegate.swift in Sources */ = {isa = PBXBuildFile; fileRef = A23F52ED2199AEEE00CC7264 /* AppDelegate.swift */; };
		A23F52F02199AEEE00CC7264 /* ViewController.swift in Sources */ = {isa = PBXBuildFile; fileRef = A23F52EF2199AEEE00CC7264 /* ViewController.swift */; };
		A23F52F32199AEEE00CC7264 /* Main.storyboard in Resources */ = {isa = PBXBuildFile; fileRef = A23F52F12199AEEE00CC7264 /* Main.storyboard */; };
		A23F52F52199AEEF00CC7264 /* Assets.xcassets in Resources */ = {isa = PBXBuildFile; fileRef = A23F52F42199AEEF00CC7264 /* Assets.xcassets */; };
		A23F52F82199AEEF00CC7264 /* LaunchScreen.storyboard in Resources */ = {isa = PBXBuildFile; fileRef = A23F52F62199AEEF00CC7264 /* LaunchScreen.storyboard */; };
		A23F53032199AEF000CC7264 /* ExampleAppTests.swift in Sources */ = {isa = PBXBuildFile; fileRef = A23F53022199AEF000CC7264 /* ExampleAppTests.swift */; };
		A23F530E2199AEF000CC7264 /* ExampleAppUITests.swift in Sources */ = {isa = PBXBuildFile; fileRef = A23F530D2199AEF000CC7264 /* ExampleAppUITests.swift */; };
/* End PBXBuildFile section */

/* Begin PBXContainerItemProxy section */
		A23F52FF2199AEF000CC7264 /* PBXContainerItemProxy */ = {
			isa = PBXContainerItemProxy;
			containerPortal = A23F52E22199AEEE00CC7264 /* Project object */;
			proxyType = 1;
			remoteGlobalIDString = A23F52E92199AEEE00CC7264;
			remoteInfo = ExampleApp;
		};
		A23F530A2199AEF000CC7264 /* PBXContainerItemProxy */ = {
			isa = PBXContainerItemProxy;
			containerPortal = A23F52E22199AEEE00CC7264 /* Project object */;
			proxyType = 1;
			remoteGlobalIDString = A23F52E92199AEEE00CC7264;
			remoteInfo = ExampleApp;
		};
/* End PBXContainerItemProxy section */

/* Begin PBXFileReference section */
		A23F52EA2199AEEE00CC7264 /* ExampleApp.app */ = {isa = PBXFileReference; explicitFileType = wrapper.application; includeInIndex = 0; path = ExampleApp.app; sourceTree = BUILT_PRODUCTS_DIR; };
		A23F52ED2199AEEE00CC7264 /* AppDelegate.swift */ = {isa = PBXFileReference; lastKnownFileType = sourcecode.swift; path = AppDelegate.swift; sourceTree = "<group>"; };
		A23F52EF2199AEEE00CC7264 /* ViewController.swift */ = {isa = PBXFileReference; lastKnownFileType = sourcecode.swift; path = ViewController.swift; sourceTree = "<group>"; };
		A23F52F22199AEEE00CC7264 /* Base */ = {isa = PBXFileReference; lastKnownFileType = file.storyboard; name = Base; path = Base.lproj/Main.storyboard; sourceTree = "<group>"; };
		A23F52F42199AEEF00CC7264 /* Assets.xcassets */ = {isa = PBXFileReference; lastKnownFileType = folder.assetcatalog; path = Assets.xcassets; sourceTree = "<group>"; };
		A23F52F72199AEEF00CC7264 /* Base */ = {isa = PBXFileReference; lastKnownFileType = file.storyboard; name = Base; path = Base.lproj/LaunchScreen.storyboard; sourceTree = "<group>"; };
		A23F52F92199AEEF00CC7264 /* Info.plist */ = {isa = PBXFileReference; lastKnownFileType = text.plist.xml; path = Info.plist; sourceTree = "<group>"; };
		A23F52FE2199AEF000CC7264 /* ExampleAppTests.xctest */ = {isa = PBXFileReference; explicitFileType = wrapper.cfbundle; includeInIndex = 0; path = ExampleAppTests.xctest; sourceTree = BUILT_PRODUCTS_DIR; };
		A23F53022199AEF000CC7264 /* ExampleAppTests.swift */ = {isa = PBXFileReference; lastKnownFileType = sourcecode.swift; path = ExampleAppTests.swift; sourceTree = "<group>"; };
		A23F53042199AEF000CC7264 /* Info.plist */ = {isa = PBXFileReference; lastKnownFileType = text.plist.xml; path = Info.plist; sourceTree = "<group>"; };
		A23F53092199AEF000CC7264 /* ExampleAppUITests.xctest */ = {isa = PBXFileReference; explicitFileType = wrapper.cfbundle; includeInIndex = 0; path = ExampleAppUITests.xctest; sourceTree = BUILT_PRODUCTS_DIR; };
		A23F530D2199AEF000CC7264 /* ExampleAppUITests.swift */ = {isa = PBXFileReference; lastKnownFileType = sourcecode.swift; path = ExampleAppUITests.swift; sourceTree = "<group>"; };
		A23F530F2199AEF000CC7264 /* Info.plist */ = {isa = PBXFileReference; lastKnownFileType = text.plist.xml; path = Info.plist; sourceTree = "<group>"; };
/* End PBXFileReference section */

/* Begin PBXFrameworksBuildPhase section */
		A23F52E72199AEEE00CC7264 /* Frameworks */ = {
			isa = PBXFrameworksBuildPhase;
			buildActionMask = 2147483647;
			files = (
			);
			runOnlyForDeploymentPostprocessing = 0;
		};
		A23F52FB2199AEF000CC7264 /* Frameworks */ = {
			isa = PBXFrameworksBuildPhase;
			buildActionMask = 2147483647;
			files = (
			);
			runOnlyForDeploymentPostprocessing = 0;
		};
		A23F53062199AEF000CC7264 /* Frameworks */ = {
			isa = PBXFrameworksBuildPhase;
			buildActionMask = 2147483647;
			files = (
			);
			runOnlyForDeploymentPostprocessing = 0;
		};
/* End PBXFrameworksBuildPhase section */

/* Begin PBXGroup section */
		A23F52E12199AEEE00CC7264 = {
			isa = PBXGroup;
			children = (
				A23F52EC2199AEEE00CC7264 /* ExampleApp */,
				A23F53012199AEF000CC7264 /* ExampleAppTests */,
				A23F530C2199AEF000CC7264 /* ExampleAppUITests */,
				A23F52EB2199AEEE00CC7264 /* Products */,
			);
			sourceTree = "<group>";
		};
		A23F52EB2199AEEE00CC7264 /* Products */ = {
			isa = PBXGroup;
			children = (
				A23F52EA2199AEEE00CC7264 /* ExampleApp.app */,
				A23F52FE2199AEF000CC7264 /* ExampleAppTests.xctest */,
				A23F53092199AEF000CC7264 /* ExampleAppUITests.xctest */,
			);
			name = Products;
			sourceTree = "<group>";
		};
		A23F52EC2199AEEE00CC7264 /* ExampleApp */ = {
			isa = PBXGroup;
			children = (
				A23F52ED2199AEEE00CC7264 /* AppDelegate.swift */,
				A23F52EF2199AEEE00CC7264 /* ViewController.swift */,
				A23F52F12199AEEE00CC7264 /* Main.storyboard */,
				A23F52F42199AEEF00CC7264 /* Assets.xcassets */,
				A23F52F62199AEEF00CC7264 /* LaunchScreen.storyboard */,
				A23F52F92199AEEF00CC7264 /* Info.plist */,
			);
			path = ExampleApp;
			sourceTree = "<group>";
		};
		A23F53012199AEF000CC7264 /* ExampleAppTests */ = {
			isa = PBXGroup;
			children = (
				A23F53022199AEF000CC7264 /* ExampleAppTests.swift */,
				A23F53042199AEF000CC7264 /* Info.plist */,
			);
			path = ExampleAppTests;
			sourceTree = "<group>";
		};
		A23F530C2199AEF000CC7264 /* ExampleAppUITests */ = {
			isa = PBXGroup;
			children = (
				A23F530D2199AEF000CC7264 /* ExampleAppUITests.swift */,
				A23F530F2199AEF000CC7264 /* Info.plist */,
			);
			path = ExampleAppUITests;
			sourceTree = "<group>";
		};
/* End PBXGroup section */

/* Begin PBXNativeTarget section */
		A23F52E92199AEEE00CC7264 /* ExampleApp */ = {
			isa = PBXNativeTarget;
			buildConfigurationList = A23F53122199AEF000CC7264 /* Build configuration list for PBXNativeTarget "ExampleApp" */;
			buildPhases = (
				A23F52E62199AEEE00CC7264 /* Sources */,
				A23F52E72199AEEE00CC7264 /* Frameworks */,
				A23F52E82199AEEE00CC7264 /* Resources */,
			);
			buildRules = (
			);
			dependencies = (
			);
			name = ExampleApp;
			productName = ExampleApp;
			productReference = A23F52EA2199AEEE00CC7264 /* ExampleApp.app */;
			productType = "com.apple.product-type.application";
		};
		A23F52FD2199AEF000CC7264 /* ExampleAppTests */ = {
			isa = PBXNativeTarget;
			buildConfigurationList = A23F53152199AEF000CC7264 /* Build configuration list for PBXNativeTarget "ExampleAppTests" */;
			buildPhases = (
				A23F52FA2199AEF000CC7264 /* Sources */,
				A23F52FB2199AEF000CC7264 /* Frameworks */,
				A23F52FC2199AEF000CC7264 /* Resources */,
			);
			buildRules = (
			);
			dependencies = (
				A23F53002199AEF000CC7264 /* PBXTargetDependency */,
			);
			name = ExampleAppTests;
			productName = ExampleAppTests;
			productReference = A23F52FE2199AEF000CC7264 /* ExampleAppTests.xctest */;
			productType = "com.apple.product-type.bundle.unit-test";
		};
		A23F53082199AEF000CC7264 /* ExampleAppUITests */ = {
			isa = PBXNativeTarget;
			buildConfigurationList = A23F53182199AEF000CC7264 /* Build configuration list for PBXNativeTarget "ExampleAppUITests" */;
			buildPhases = (
				A23F53052199AEF000CC7264 /* Sources */,
				A23F53062199AEF000CC7264 /* Frameworks */,
				A23F53072199AEF000CC7264 /* Resources */,
			);
			buildRules = (
			);
			dependencies = (
				A23F530B2199AEF000CC7264 /* PBXTargetDependency */,
			);
			name = ExampleAppUITests;
			productName = ExampleAppUITests;
			productReference = A23F53092199AEF000CC7264 /* ExampleAppUITests.xctest */;
			productType = "com.apple.product-type.bundle.ui-testing";
		};
/* End PBXNativeTarget section */

/* Begin PBXProject section */
		A23F52E22199AEEE00CC7264 /* Project object */ = {
			isa = PBXProject;
			attributes = {
				LastSwiftUpdateCheck = 1010;
				LastUpgradeCheck = 1010;
				ORGANIZATIONNAME = Razorpay;
				TargetAttributes = {
					A23F52E92199AEEE00CC7264 = {
						CreatedOnToolsVersion = 10.1;
					};
					A23F52FD2199AEF000CC7264 = {
						CreatedOnToolsVersion = 10.1;
						TestTargetID = A23F52E92199AEEE00CC7264;
					};
					A23F53082199AEF000CC7264 = {
						CreatedOnToolsVersion = 10.1;
						TestTargetID = A23F52E92199AEEE00CC7264;
					};
				};
			};
			buildConfigurationList = A23F52E52199AEEE00CC7264 /* Build configuration list for PBXProject "ExampleApp" */;
			compatibilityVersion = "Xcode 9.3";
			developmentRegion = en;
			hasScannedForEncodings = 0;
			knownRegions = (
				en,
				Base,
			);
			mainGroup = A23F52E12199AEEE00CC7264;
			productRefGroup = A23F52EB2199AEEE00CC7264 /* Products */;
			projectDirPath = "";
			projectRoot = "";
			targets = (
				A23F52E92199AEEE00CC7264 /* ExampleApp */,
				A23F52FD2199AEF000CC7264 /* ExampleAppTests */,
				A23F53082199AEF000CC7264 /* ExampleAppUITests */,
			);
		};
/* End PBXProject section */

/* Begin PBXResourcesBuildPhase section */
		A23F52E82199AEEE00CC7264 /* Resources */ = {
			isa = PBXResourcesBuildPhase;
			buildActionMask = 2147483647;
			files = (
				A23F52F82199AEEF00CC7264 /* LaunchScreen.storyboard in Resources */,
				A23F52F52199AEEF00CC7264 /* Assets.xcassets in Resources */,
				A23F52F32199AEEE00CC7264 /* Main.storyboard in Resources */,
			);
			runOnlyForDeploymentPostprocessing = 0;
		};
		A23F52FC2199AEF000CC7264 /* Resources */ = {
			isa = PBXResourcesBuildPhase;
			buildActionMask = 2147483647;
			files = (
			);
			runOnlyForDeploymentPostprocessing = 0;
		};
		A23F53072199AEF000CC7264 /* Resources */ = {
			isa = PBXResourcesBuildPhase;
			buildActionMask = 2147483647;
			files = (
			);
			runOnlyForDeploymentPostprocessing = 0;
		};
/* End PBXResourcesBuildPhase section */

/* Begin PBXSourcesBuildPhase section */
		A23F52E62199AEEE00CC7264 /* Sources */ = {
			isa = PBXSourcesBuildPhase;
			buildActionMask = 2147483647;
			files = (
				A23F52F02199AEEE00CC7264 /* ViewController.swift in Sources */,
				A23F52EE2199AEEE00CC7264 /* AppDelegate.swift in Sources */,
			);
			runOnlyForDeploymentPostprocessing = 0;
		};
		A23F52FA2199AEF000CC7264 /* Sources */ = {
			isa = PBXSourcesBuildPhase;
			buildActionMask = 2147483647;
			files = (
				A23F53032199AEF000CC7264 /* ExampleAppTests.swift in Sources */,
			);
			runOnlyForDeploymentPostprocessing = 0;
		};
		A23F53052199AEF000CC7264 /* Sources */ = {
			isa = PBXSourcesBuildPhase;
			buildActionMask = 2147483647;
			files = (
				A23F530E2199AEF000CC7264 /* ExampleAppUITests.swift in Sources */,
			);
			runOnlyForDeploymentPostprocessing = 0;
		};
/* End PBXSourcesBuildPhase section */

/* Begin PBXTargetDependency section */
		A23F53002199AEF000CC7264 /* PBXTargetDependency */ = {
			isa = PBXTargetDependency;
			target = A23F52E92199AEEE00CC7264 /* ExampleApp */;
			targetProxy = A23F52FF2199AEF000CC7264 /* PBXContainerItemProxy */;
		};
		A23F530B2199AEF000CC7264 /* PBXTargetDependency */ = {
			isa = PBXTargetDependency;
			target = A23F52E92199AEEE00CC7264 /* ExampleApp */;
			targetProxy = A23F530A2199AEF000CC7264 /* PBXContainerItemProxy */;
		};
/* End PBXTargetDependency section */

/* Begin PBXVariantGroup section */
		A23F52F12199AEEE00CC7264 /* Main.storyboard */ = {
			isa = PBXVariantGroup;
			children = (
				A23F52F22199AEEE00CC7264 /* Base */,
			);
			name = Main.storyboard;
			sourceTree = "<group>";
		};
		A23F52F62199AEEF00CC7264 /* LaunchScreen.storyboard */ = {
			isa = PBXVariantGroup;
			children = (
				A23F52F72199AEEF00CC7264 /* Base */,
			);
			name = LaunchScreen.storyboard;
			sourceTree = "<group>";
		};
/* End PBXVariantGroup section */

/* Begin XCBuildConfiguration section */
		A23F53102199AEF000CC7264 /* Debug */ = {
			isa = XCBuildConfiguration;
			buildSettings = {
				ALWAYS_SEARCH_USER_PATHS = NO;
				CLANG_ANALYZER_NONNULL = YES;
				CLANG_ANALYZER_NUMBER_OBJECT_CONVERSION = YES_AGGRESSIVE;
				CLANG_CXX_LANGUAGE_STANDARD = "gnu++14";
				CLANG_CXX_LIBRARY = "libc++";
				CLANG_ENABLE_MODULES = YES;
				CLANG_ENABLE_OBJC_ARC = YES;
				CLANG_ENABLE_OBJC_WEAK = YES;
				CLANG_WARN_BLOCK_CAPTURE_AUTORELEASING = YES;
				CLANG_WARN_BOOL_CONVERSION = YES;
				CLANG_WARN_COMMA = YES;
				CLANG_WARN_CONSTANT_CONVERSION = YES;
				CLANG_WARN_DEPRECATED_OBJC_IMPLEMENTATIONS = YES;
				CLANG_WARN_DIRECT_OBJC_ISA_USAGE = YES_ERROR;
				CLANG_WARN_DOCUMENTATION_COMMENTS = YES;
				CLANG_WARN_EMPTY_BODY = YES;
				CLANG_WARN_ENUM_CONVERSION = YES;
				CLANG_WARN_INFINITE_RECURSION = YES;
				CLANG_WARN_INT_CONVERSION = YES;
				CLANG_WARN_NON_LITERAL_NULL_CONVERSION = YES;
				CLANG_WARN_OBJC_IMPLICIT_RETAIN_SELF = YES;
				CLANG_WARN_OBJC_LITERAL_CONVERSION = YES;
				CLANG_WARN_OBJC_ROOT_CLASS = YES_ERROR;
				CLANG_WARN_RANGE_LOOP_ANALYSIS = YES;
				CLANG_WARN_STRICT_PROTOTYPES = YES;
				CLANG_WARN_SUSPICIOUS_MOVE = YES;
				CLANG_WARN_UNGUARDED_AVAILABILITY = YES_AGGRESSIVE;
				CLANG_WARN_UNREACHABLE_CODE = YES;
				CLANG_WARN__DUPLICATE_METHOD_MATCH = YES;
				CODE_SIGN_IDENTITY = "iPhone Developer";
				COPY_PHASE_STRIP = NO;
				DEBUG_INFORMATION_FORMAT = dwarf;
				ENABLE_STRICT_OBJC_MSGSEND = YES;
				ENABLE_TESTABILITY = YES;
				GCC_C_LANGUAGE_STANDARD = gnu11;
				GCC_DYNAMIC_NO_PIC = NO;
				GCC_NO_COMMON_BLOCKS = YES;
				GCC_OPTIMIZATION_LEVEL = 0;
				GCC_PREPROCESSOR_DEFINITIONS = (
					"DEBUG=1",
					"$(inherited)",
				);
				GCC_WARN_64_TO_32_BIT_CONVERSION = YES;
				GCC_WARN_ABOUT_RETURN_TYPE = YES_ERROR;
				GCC_WARN_UNDECLARED_SELECTOR = YES;
				GCC_WARN_UNINITIALIZED_AUTOS = YES_AGGRESSIVE;
				GCC_WARN_UNUSED_FUNCTION = YES;
				GCC_WARN_UNUSED_VARIABLE = YES;
				IPHONEOS_DEPLOYMENT_TARGET = 12.1;
				MTL_ENABLE_DEBUG_INFO = INCLUDE_SOURCE;
				MTL_FAST_MATH = YES;
				ONLY_ACTIVE_ARCH = YES;
				SDKROOT = iphoneos;
				SWIFT_ACTIVE_COMPILATION_CONDITIONS = DEBUG;
				SWIFT_OPTIMIZATION_LEVEL = "-Onone";
			};
			name = Debug;
		};
		A23F53112199AEF000CC7264 /* Release */ = {
			isa = XCBuildConfiguration;
			buildSettings = {
				ALWAYS_SEARCH_USER_PATHS = NO;
				CLANG_ANALYZER_NONNULL = YES;
				CLANG_ANALYZER_NUMBER_OBJECT_CONVERSION = YES_AGGRESSIVE;
				CLANG_CXX_LANGUAGE_STANDARD = "gnu++14";
				CLANG_CXX_LIBRARY = "libc++";
				CLANG_ENABLE_MODULES = YES;
				CLANG_ENABLE_OBJC_ARC = YES;
				CLANG_ENABLE_OBJC_WEAK = YES;
				CLANG_WARN_BLOCK_CAPTURE_AUTORELEASING = YES;
				CLANG_WARN_BOOL_CONVERSION = YES;
				CLANG_WARN_COMMA = YES;
				CLANG_WARN_CONSTANT_CONVERSION = YES;
				CLANG_WARN_DEPRECATED_OBJC_IMPLEMENTATIONS = YES;
				CLANG_WARN_DIRECT_OBJC_ISA_USAGE = YES_ERROR;
				CLANG_WARN_DOCUMENTATION_COMMENTS = YES;
				CLANG_WARN_EMPTY_BODY = YES;
				CLANG_WARN_ENUM_CONVERSION = YES;
				CLANG_WARN_INFINITE_RECURSION = YES;
				CLANG_WARN_INT_CONVERSION = YES;
				CLANG_WARN_NON_LITERAL_NULL_CONVERSION = YES;
				CLANG_WARN_OBJC_IMPLICIT_RETAIN_SELF = YES;
				CLANG_WARN_OBJC_LITERAL_CONVERSION = YES;
				CLANG_WARN_OBJC_ROOT_CLASS = YES_ERROR;
				CLANG_WARN_RANGE_LOOP_ANALYSIS = YES;
				CLANG_WARN_STRICT_PROTOTYPES = YES;
				CLANG_WARN_SUSPICIOUS_MOVE = YES;
				CLANG_WARN_UNGUARDED_AVAILABILITY = YES_AGGRESSIVE;
				CLANG_WARN_UNREACHABLE_CODE = YES;
				CLANG_WARN__DUPLICATE_METHOD_MATCH = YES;
				CODE_SIGN_IDENTITY = "iPhone Developer";
				COPY_PHASE_STRIP = NO;
				DEBUG_INFORMATION_FORMAT = "dwarf-with-dsym";
				ENABLE_NS_ASSERTIONS = NO;
				ENABLE_STRICT_OBJC_MSGSEND = YES;
				GCC_C_LANGUAGE_STANDARD = gnu11;
				GCC_NO_COMMON_BLOCKS = YES;
				GCC_WARN_64_TO_32_BIT_CONVERSION = YES;
				GCC_WARN_ABOUT_RETURN_TYPE = YES_ERROR;
				GCC_WARN_UNDECLARED_SELECTOR = YES;
				GCC_WARN_UNINITIALIZED_AUTOS = YES_AGGRESSIVE;
				GCC_WARN_UNUSED_FUNCTION = YES;
				GCC_WARN_UNUSED_VARIABLE = YES;
				IPHONEOS_DEPLOYMENT_TARGET = 12.1;
				MTL_ENABLE_DEBUG_INFO = NO;
				MTL_FAST_MATH = YES;
				SDKROOT = iphoneos;
				SWIFT_COMPILATION_MODE = wholemodule;
				SWIFT_OPTIMIZATION_LEVEL = "-O";
				VALIDATE_PRODUCT = YES;
			};
			name = Release;
		};
		A23F53132199AEF000CC7264 /* Debug */ = {
			isa = XCBuildConfiguration;
			buildSettings = {
				ASSETCATALOG_COMPILER_APPICON_NAME = AppIcon;
				CODE_SIGN_STYLE = Automatic;
				DEVELOPMENT_TEAM = 3J5MJT3GNL;
				INFOPLIST_FILE = ExampleApp/Info.plist;
				LD_RUNPATH_SEARCH_PATHS = (
					"$(inherited)",
					"@executable_path/Frameworks",
				);
				PRODUCT_BUNDLE_IDENTIFIER = com.Razorpay.ExampleApp;
				PRODUCT_NAME = "$(TARGET_NAME)";
				SWIFT_VERSION = 4.2;
				TARGETED_DEVICE_FAMILY = "1,2";
			};
			name = Debug;
		};
		A23F53142199AEF000CC7264 /* Release */ = {
			isa = XCBuildConfiguration;
			buildSettings = {
				ASSETCATALOG_COMPILER_APPICON_NAME = AppIcon;
				CODE_SIGN_STYLE = Automatic;
				DEVELOPMENT_TEAM = 3J5MJT3GNL;
				INFOPLIST_FILE = ExampleApp/Info.plist;
				LD_RUNPATH_SEARCH_PATHS = (
					"$(inherited)",
					"@executable_path/Frameworks",
				);
				PRODUCT_BUNDLE_IDENTIFIER = com.Razorpay.ExampleApp;
				PRODUCT_NAME = "$(TARGET_NAME)";
				SWIFT_VERSION = 4.2;
				TARGETED_DEVICE_FAMILY = "1,2";
			};
			name = Release;
		};
		A23F53162199AEF000CC7264 /* Debug */ = {
			isa = XCBuildConfiguration;
			buildSettings = {
				ALWAYS_EMBED_SWIFT_STANDARD_LIBRARIES = YES;
				BUNDLE_LOADER = "$(TEST_HOST)";
				CODE_SIGN_STYLE = Automatic;
				DEVELOPMENT_TEAM = 3J5MJT3GNL;
				INFOPLIST_FILE = ExampleAppTests/Info.plist;
				LD_RUNPATH_SEARCH_PATHS = (
					"$(inherited)",
					"@executable_path/Frameworks",
					"@loader_path/Frameworks",
				);
				PRODUCT_BUNDLE_IDENTIFIER = com.Razorpay.ExampleAppTests;
				PRODUCT_NAME = "$(TARGET_NAME)";
				SWIFT_VERSION = 4.2;
				TARGETED_DEVICE_FAMILY = "1,2";
				TEST_HOST = "$(BUILT_PRODUCTS_DIR)/ExampleApp.app/ExampleApp";
			};
			name = Debug;
		};
		A23F53172199AEF000CC7264 /* Release */ = {
			isa = XCBuildConfiguration;
			buildSettings = {
				ALWAYS_EMBED_SWIFT_STANDARD_LIBRARIES = YES;
				BUNDLE_LOADER = "$(TEST_HOST)";
				CODE_SIGN_STYLE = Automatic;
				DEVELOPMENT_TEAM = 3J5MJT3GNL;
				INFOPLIST_FILE = ExampleAppTests/Info.plist;
				LD_RUNPATH_SEARCH_PATHS = (
					"$(inherited)",
					"@executable_path/Frameworks",
					"@loader_path/Frameworks",
				);
				PRODUCT_BUNDLE_IDENTIFIER = com.Razorpay.ExampleAppTests;
				PRODUCT_NAME = "$(TARGET_NAME)";
				SWIFT_VERSION = 4.2;
				TARGETED_DEVICE_FAMILY = "1,2";
				TEST_HOST = "$(BUILT_PRODUCTS_DIR)/ExampleApp.app/ExampleApp";
			};
			name = Release;
		};
		A23F53192199AEF000CC7264 /* Debug */ = {
			isa = XCBuildConfiguration;
			buildSettings = {
				ALWAYS_EMBED_SWIFT_STANDARD_LIBRARIES = YES;
				CODE_SIGN_STYLE = Automatic;
				DEVELOPMENT_TEAM = 3J5MJT3GNL;
				INFOPLIST_FILE = ExampleAppUITests/Info.plist;
				LD_RUNPATH_SEARCH_PATHS = (
					"$(inherited)",
					"@executable_path/Frameworks",
					"@loader_path/Frameworks",
				);
				PRODUCT_BUNDLE_IDENTIFIER = com.Razorpay.ExampleAppUITests;
				PRODUCT_NAME = "$(TARGET_NAME)";
				SWIFT_VERSION = 4.2;
				TARGETED_DEVICE_FAMILY = "1,2";
				TEST_TARGET_NAME = ExampleApp;
			};
			name = Debug;
		};
		A23F531A2199AEF000CC7264 /* Release */ = {
			isa = XCBuildConfiguration;
			buildSettings = {
				ALWAYS_EMBED_SWIFT_STANDARD_LIBRARIES = YES;
				CODE_SIGN_STYLE = Automatic;
				DEVELOPMENT_TEAM = 3J5MJT3GNL;
				INFOPLIST_FILE = ExampleAppUITests/Info.plist;
				LD_RUNPATH_SEARCH_PATHS = (
					"$(inherited)",
					"@executable_path/Frameworks",
					"@loader_path/Frameworks",
				);
				PRODUCT_BUNDLE_IDENTIFIER = com.Razorpay.ExampleAppUITests;
				PRODUCT_NAME = "$(TARGET_NAME)";
				SWIFT_VERSION = 4.2;
				TARGETED_DEVICE_FAMILY = "1,2";
				TEST_TARGET_NAME = ExampleApp;
			};
			name = Release;
		};
/* End XCBuildConfiguration section */

/* Begin XCConfigurationList section */
		A23F52E52199AEEE00CC7264 /* Build configuration list for PBXProject "ExampleApp" */ = {
			isa = XCConfigurationList;
			buildConfigurations = (
				A23F53102199AEF000CC7264 /* Debug */,
				A23F53112199AEF000CC7264 /* Release */,
			);
			defaultConfigurationIsVisible = 0;
			defaultConfigurationName = Release;
		};
		A23F53122199AEF000CC7264 /* Build configuration list for PBXNativeTarget "ExampleApp" */ = {
			isa = XCConfigurationList;
			buildConfigurations = (
				A23F53132199AEF000CC7264 /* Debug */,
				A23F53142199AEF000CC7264 /* Release */,
			);
			defaultConfigurationIsVisible = 0;
			defaultConfigurationName = Release;
		};
		A23F53152199AEF000CC7264 /* Build configuration list for PBXNativeTarget "ExampleAppTests" */ = {
			isa = XCConfigurationList;
			buildConfigurations = (
				A23F53162199AEF000CC7264 /* Debug */,
				A23F53172199AEF000CC7264 /* Release */,
			);
			defaultConfigurationIsVisible = 0;
			defaultConfigurationName = Release;
		};
		A23F53182199AEF000CC7264 /* Build configuration list for PBXNativeTarget "ExampleAppUITests" */ = {
			isa = XCConfigurationList;
			buildConfigurations = (
				A23F53192199AEF000CC7264 /* Debug */,
				A23F531A2199AEF000CC7264 /* Release */,
			);
			defaultConfigurationIsVisible = 0;
			defaultConfigurationName = Release;
		};
/* End XCConfigurationList section */
	};
	rootObject = A23F52E22199AEEE00CC7264 /* Project object */;
}
